{
  "requires": true,
  "lockfileVersion": 1,
  "dependencies": {
    "sweetalert2": {
      "version": "7.0.10",
      "resolved": "https://registry.npmjs.org/sweetalert2/-/sweetalert2-7.0.10.tgz",
      "integrity": "sha512-OdHVMp2bE1ixdku8NC7+A3PM825r28JGl9tsMBrKcqYxOFKKv7nSjJTWEzjr/0HAGeyuDduN0qsZwyZB9I3DWQ=="
    }
  }
}
